
Microsoft Visual Studio Solution File, Format Version 12.00
# Visual Studio 15
VisualStudioVersion = 15.0.27130.2036
MinimumVisualStudioVersion = 10.0.40219.1
Project("{9A19103F-16F7-4668-BE54-9A1E7A4F7556}") = "SpecialOfferPrototype.Api", "SpecialOfferPrototype.Api\SpecialOfferPrototype.Api.csproj", "{06E7DE4C-1614-432D-9F53-C00BA8CCF8D7}"
EndProject
Project("{9A19103F-16F7-4668-BE54-9A1E7A4F7556}") = "WebApi.Hal", "WebApi.Hal\WebApi.Hal.csproj", "{688A7CF2-CA7B-40F4-95E9-928278803B54}"
EndProject
Global
	GlobalSection(SolutionConfigurationPlatforms) = preSolution
		Debug|Any CPU = Debug|Any CPU
		Release|Any CPU = Release|Any CPU
	EndGlobalSection
	GlobalSection(ProjectConfigurationPlatforms) = postSolution
		{06E7DE4C-1614-432D-9F53-C00BA8CCF8D7}.Debug|Any CPU.ActiveCfg = Debug|Any CPU
		{06E7DE4C-1614-432D-9F53-C00BA8CCF8D7}.Debug|Any CPU.Build.0 = Debug|Any CPU
		{06E7DE4C-1614-432D-9F53-C00BA8CCF8D7}.Release|Any CPU.ActiveCfg = Release|Any CPU
		{06E7DE4C-1614-432D-9F53-C00BA8CCF8D7}.Release|Any CPU.Build.0 = Release|Any CPU
		{688A7CF2-CA7B-40F4-95E9-928278803B54}.Debug|Any CPU.ActiveCfg = Debug|Any CPU
		{688A7CF2-CA7B-40F4-95E9-928278803B54}.Debug|Any CPU.Build.0 = Debug|Any CPU
		{688A7CF2-CA7B-40F4-95E9-928278803B54}.Release|Any CPU.ActiveCfg = Release|Any CPU
		{688A7CF2-CA7B-40F4-95E9-928278803B54}.Release|Any CPU.Build.0 = Release|Any CPU
	EndGlobalSection
	GlobalSection(SolutionProperties) = preSolution
		HideSolutionNode = FALSE
	EndGlobalSection
	GlobalSection(ExtensibilityGlobals) = postSolution
		SolutionGuid = {E15E35BD-DE2E-4242-8C5D-51BA76A5FBCE}
	EndGlobalSection
EndGlobal
